
Microsoft Visual Studio Solution File, Format Version 12.00
# Visual Studio Version 17
VisualStudioVersion = 17.7.34031.279
MinimumVisualStudioVersion = 10.0.40219.1
Project("{9A19103F-16F7-4668-BE54-9A1E7A4F7556}") = "Problem1", "Problem1\Problem1.csproj", "{26FB7F57-43DB-49D2-926E-61A549D36F48}"
EndProject
Project("{FAE04EC0-301F-11D3-BF4B-00C04F79EFBC}") = "Problem2", "Problem2\Problem2.csproj", "{948CEC6B-5505-4514-89D7-EBBD7B00E8C9}"
EndProject
Global
	GlobalSection(SolutionConfigurationPlatforms) = preSolution
		Debug|Any CPU = Debug|Any CPU
		Release|Any CPU = Release|Any CPU
	EndGlobalSection
	GlobalSection(ProjectConfigurationPlatforms) = postSolution
		{26FB7F57-43DB-49D2-926E-61A549D36F48}.Debug|Any CPU.ActiveCfg = Debug|Any CPU
		{26FB7F57-43DB-49D2-926E-61A549D36F48}.Debug|Any CPU.Build.0 = Debug|Any CPU
		{26FB7F57-43DB-49D2-926E-61A549D36F48}.Release|Any CPU.ActiveCfg = Release|Any CPU
		{26FB7F57-43DB-49D2-926E-61A549D36F48}.Release|Any CPU.Build.0 = Release|Any CPU
		{948CEC6B-5505-4514-89D7-EBBD7B00E8C9}.Debug|Any CPU.ActiveCfg = Debug|Any CPU
		{948CEC6B-5505-4514-89D7-EBBD7B00E8C9}.Debug|Any CPU.Build.0 = Debug|Any CPU
		{948CEC6B-5505-4514-89D7-EBBD7B00E8C9}.Release|Any CPU.ActiveCfg = Release|Any CPU
		{948CEC6B-5505-4514-89D7-EBBD7B00E8C9}.Release|Any CPU.Build.0 = Release|Any CPU
	EndGlobalSection
	GlobalSection(SolutionProperties) = preSolution
		HideSolutionNode = FALSE
	EndGlobalSection
	GlobalSection(ExtensibilityGlobals) = postSolution
		SolutionGuid = {5A34756C-1176-4DB6-8EA0-F3C86BB2EFC0}
	EndGlobalSection
EndGlobal
